
Microsoft Visual Studio Solution File, Format Version 12.00
# Visual Studio 15
VisualStudioVersion = 15.0.27004.2009
MinimumVisualStudioVersion = 10.0.40219.1
Project("{FAE04EC0-301F-11D3-BF4B-00C04F79EFBC}") = "Proxy", "Proxy\Proxy.csproj", "{F4C3F48F-E8A4-4B7F-9B78-D7DBCD9417BD}"
EndProject
Project("{FAE04EC0-301F-11D3-BF4B-00C04F79EFBC}") = "CareOptimizationServices", "CareOptimizationServices\CareOptimizationServices.csproj", "{0BD54C50-53C3-490D-BBFB-62E5F7337D90}"
EndProject
Project("{FAE04EC0-301F-11D3-BF4B-00C04F79EFBC}") = "SingleSingOn", "SingleSingOn\SingleSingOn.csproj", "{AE85C519-7681-42FB-AF1B-AB4E4F320533}"
EndProject
Global
	GlobalSection(SolutionConfigurationPlatforms) = preSolution
		Debug|Any CPU = Debug|Any CPU
		Release|Any CPU = Release|Any CPU
	EndGlobalSection
	GlobalSection(ProjectConfigurationPlatforms) = postSolution
		{F4C3F48F-E8A4-4B7F-9B78-D7DBCD9417BD}.Debug|Any CPU.ActiveCfg = Debug|Any CPU
		{F4C3F48F-E8A4-4B7F-9B78-D7DBCD9417BD}.Debug|Any CPU.Build.0 = Debug|Any CPU
		{F4C3F48F-E8A4-4B7F-9B78-D7DBCD9417BD}.Release|Any CPU.ActiveCfg = Release|Any CPU
		{F4C3F48F-E8A4-4B7F-9B78-D7DBCD9417BD}.Release|Any CPU.Build.0 = Release|Any CPU
		{0BD54C50-53C3-490D-BBFB-62E5F7337D90}.Debug|Any CPU.ActiveCfg = Debug|Any CPU
		{0BD54C50-53C3-490D-BBFB-62E5F7337D90}.Debug|Any CPU.Build.0 = Debug|Any CPU
		{0BD54C50-53C3-490D-BBFB-62E5F7337D90}.Release|Any CPU.ActiveCfg = Release|Any CPU
		{0BD54C50-53C3-490D-BBFB-62E5F7337D90}.Release|Any CPU.Build.0 = Release|Any CPU
		{AE85C519-7681-42FB-AF1B-AB4E4F320533}.Debug|Any CPU.ActiveCfg = Debug|Any CPU
		{AE85C519-7681-42FB-AF1B-AB4E4F320533}.Debug|Any CPU.Build.0 = Debug|Any CPU
		{AE85C519-7681-42FB-AF1B-AB4E4F320533}.Release|Any CPU.ActiveCfg = Release|Any CPU
		{AE85C519-7681-42FB-AF1B-AB4E4F320533}.Release|Any CPU.Build.0 = Release|Any CPU
	EndGlobalSection
	GlobalSection(SolutionProperties) = preSolution
		HideSolutionNode = FALSE
	EndGlobalSection
	GlobalSection(ExtensibilityGlobals) = postSolution
		SolutionGuid = {B60538DF-B2B6-4BB1-AF60-F5843BFC15EA}
	EndGlobalSection
EndGlobal
